
Microsoft Visual Studio Solution File, Format Version 12.00
# Visual Studio 15
VisualStudioVersion = 15.0.28307.1738
MinimumVisualStudioVersion = 10.0.40219.1
Project("{FAE04EC0-301F-11D3-BF4B-00C04F79EFBC}") = "Configuration", "Configuration\Configuration.csproj", "{F424C1CD-1063-4E55-AC52-4BA4DE55E4BD}"
EndProject
Global
	GlobalSection(SolutionConfigurationPlatforms) = preSolution
		Debug|Any CPU = Debug|Any CPU
		Release|Any CPU = Release|Any CPU
	EndGlobalSection
	GlobalSection(ProjectConfigurationPlatforms) = postSolution
		{F424C1CD-1063-4E55-AC52-4BA4DE55E4BD}.Debug|Any CPU.ActiveCfg = Debug|Any CPU
		{F424C1CD-1063-4E55-AC52-4BA4DE55E4BD}.Debug|Any CPU.Build.0 = Debug|Any CPU
		{F424C1CD-1063-4E55-AC52-4BA4DE55E4BD}.Release|Any CPU.ActiveCfg = Release|Any CPU
		{F424C1CD-1063-4E55-AC52-4BA4DE55E4BD}.Release|Any CPU.Build.0 = Release|Any CPU
	EndGlobalSection
	GlobalSection(SolutionProperties) = preSolution
		HideSolutionNode = FALSE
	EndGlobalSection
	GlobalSection(ExtensibilityGlobals) = postSolution
		SolutionGuid = {D3865D6F-7C6B-4ED3-A654-40C8B32908FF}
	EndGlobalSection
EndGlobal
